
Microsoft Visual Studio Solution File, Format Version 12.00
# Visual Studio Version 16
VisualStudioVersion = 16.0.31112.23
MinimumVisualStudioVersion = 10.0.40219.1
Project("{8BC9CEB8-8B4A-11D0-8D11-00A0C91BC942}") = "MS3", "MS3.vcxproj", "{E45F62CE-FAFA-4143-8A76-45DDCCA8258E}"
EndProject
Global
	GlobalSection(SolutionConfigurationPlatforms) = preSolution
		Debug|x64 = Debug|x64
		Debug|x86 = Debug|x86
		Release|x64 = Release|x64
		Release|x86 = Release|x86
	EndGlobalSection
	GlobalSection(ProjectConfigurationPlatforms) = postSolution
		{E45F62CE-FAFA-4143-8A76-45DDCCA8258E}.Debug|x64.ActiveCfg = Debug|x64
		{E45F62CE-FAFA-4143-8A76-45DDCCA8258E}.Debug|x64.Build.0 = Debug|x64
		{E45F62CE-FAFA-4143-8A76-45DDCCA8258E}.Debug|x86.ActiveCfg = Debug|Win32
		{E45F62CE-FAFA-4143-8A76-45DDCCA8258E}.Debug|x86.Build.0 = Debug|Win32
		{E45F62CE-FAFA-4143-8A76-45DDCCA8258E}.Release|x64.ActiveCfg = Release|x64
		{E45F62CE-FAFA-4143-8A76-45DDCCA8258E}.Release|x64.Build.0 = Release|x64
		{E45F62CE-FAFA-4143-8A76-45DDCCA8258E}.Release|x86.ActiveCfg = Release|Win32
		{E45F62CE-FAFA-4143-8A76-45DDCCA8258E}.Release|x86.Build.0 = Release|Win32
	EndGlobalSection
	GlobalSection(SolutionProperties) = preSolution
		HideSolutionNode = FALSE
	EndGlobalSection
	GlobalSection(ExtensibilityGlobals) = postSolution
		SolutionGuid = {F759823F-AD59-4FDB-810F-CEB68B826273}
	EndGlobalSection
EndGlobal
